{
  "name": "@lucas-bortoli/libfsx",
  "version": "0.0.4",
  "lockfileVersion": 2,
  "requires": true,
  "packages": {
    "": {
      "name": "@lucas-bortoli/libfsx",
      "version": "0.0.4",
      "devDependencies": {
        "@types/web": "^0.0.81",
        "typescript": "^4.9.3"
      }
    },
    "node_modules/@types/web": {
      "version": "0.0.81",
      "resolved": "https://registry.npmjs.org/@types/web/-/web-0.0.81.tgz",
      "integrity": "sha512-bWzja/Zer7bFijmzu38P+u+aOaKl0Ves0p3+Xnbyw5DKnVwOApNqHsNYmXKOp2WwIQIP1U2ECPsJ6D3B9xrhYA==",
      "dev": true
    },
    "node_modules/typescript": {
      "version": "4.9.3",
      "resolved": "https://registry.npmjs.org/typescript/-/typescript-4.9.3.tgz",
      "integrity": "sha512-CIfGzTelbKNEnLpLdGFgdyKhG23CKdKgQPOBc+OUNrkJ2vr+KSzsSV5kq5iWhEQbok+quxgGzrAtGWCyU7tHnA==",
      "dev": true,
      "bin": {
        "tsc": "bin/tsc",
        "tsserver": "bin/tsserver"
      },
      "engines": {
        "node": ">=4.2.0"
      }
    }
  },
  "dependencies": {
    "@types/web": {
      "version": "0.0.81",
      "resolved": "https://registry.npmjs.org/@types/web/-/web-0.0.81.tgz",
      "integrity": "sha512-bWzja/Zer7bFijmzu38P+u+aOaKl0Ves0p3+Xnbyw5DKnVwOApNqHsNYmXKOp2WwIQIP1U2ECPsJ6D3B9xrhYA==",
      "dev": true
    },
    "typescript": {
      "version": "4.9.3",
      "resolved": "https://registry.npmjs.org/typescript/-/typescript-4.9.3.tgz",
      "integrity": "sha512-CIfGzTelbKNEnLpLdGFgdyKhG23CKdKgQPOBc+OUNrkJ2vr+KSzsSV5kq5iWhEQbok+quxgGzrAtGWCyU7tHnA==",
      "dev": true
    }
  }
}
